
Microsoft Visual Studio Solution File, Format Version 12.00
# Visual Studio Version 17
VisualStudioVersion = 17.0.31919.166
MinimumVisualStudioVersion = 10.0.40219.1
Project("{FAE04EC0-301F-11D3-BF4B-00C04F79EFBC}") = "ConnectSQLServer", "ConnectSQLServer\ConnectSQLServer.csproj", "{AD3E88B8-90E6-4797-9367-AF253C958A00}"
EndProject
Global
	GlobalSection(SolutionConfigurationPlatforms) = preSolution
		Debug|Any CPU = Debug|Any CPU
		Release|Any CPU = Release|Any CPU
	EndGlobalSection
	GlobalSection(ProjectConfigurationPlatforms) = postSolution
		{AD3E88B8-90E6-4797-9367-AF253C958A00}.Debug|Any CPU.ActiveCfg = Debug|Any CPU
		{AD3E88B8-90E6-4797-9367-AF253C958A00}.Debug|Any CPU.Build.0 = Debug|Any CPU
		{AD3E88B8-90E6-4797-9367-AF253C958A00}.Release|Any CPU.ActiveCfg = Release|Any CPU
		{AD3E88B8-90E6-4797-9367-AF253C958A00}.Release|Any CPU.Build.0 = Release|Any CPU
	EndGlobalSection
	GlobalSection(SolutionProperties) = preSolution
		HideSolutionNode = FALSE
	EndGlobalSection
	GlobalSection(ExtensibilityGlobals) = postSolution
		SolutionGuid = {BD7CB33E-4E92-46FF-A5F0-32B5514CA7F7}
	EndGlobalSection
EndGlobal
